hash: 7621abcbb7aa36f44c1bd27b1378b8fa8c56f6d586c08736da023f132b4ff87a
updated: 2017-06-28T10:22:04.131773565+01:00
imports:
- name: github.com/go-kit/kit
  version: d67bb4c202e3b91377d1079b110a6c9ce23ab2f8
  subpackages:
  - log
  - log/level
- name: github.com/go-logfmt/logfmt
  version: 390ab7935ee28ec6b286364bba9b4dd6410cb3d5
- name: github.com/go-stack/stack
  version: 7a2f19628aabfe68f0766b59e74d6315f8347d22
- name: github.com/kr/logfmt
  version: b84e30acd515aadc4b783ad4ff83aff3299bdfe0
- name: github.com/lib/pq
  version: 91f10e40ba0dd2d0bf9f93ec1d4077711a78df88
  subpackages:
  - oid
- name: github.com/pborman/uuid
  version: 1b00554d822231195d1babd97ff4a781231955c9
- name: github.com/pkg/errors
  version: c605e284fe17294bda444b34710735b29d1a9d90
- name: github.com/SimonRichardson/cookson
  version: 0f56cd025fd52a886b2a50906ea30e216374ef89
  subpackages:
  - pkg/document
  - pkg/httperrors
  - pkg/query
  - pkg/store
- name: github.com/SimonRichardson/foodhygiene
  version: 1496921d6a88ecc34f8ada17bef7455642f23f48
  subpackages:
  - pkg/service
testImports: []
